
Microsoft Visual Studio Solution File, Format Version 12.00
# Visual Studio Version 16
VisualStudioVersion = 16.0.31702.278
MinimumVisualStudioVersion = 10.0.40219.1
Project("{FAE04EC0-301F-11D3-BF4B-00C04F79EFBC}") = "SwimApp", "SwimApp\SwimApp.csproj", "{A0218FD0-100F-4059-80F8-25BB3408BECE}"
EndProject
Global
	GlobalSection(SolutionConfigurationPlatforms) = preSolution
		Debug|Any CPU = Debug|Any CPU
		Release|Any CPU = Release|Any CPU
	EndGlobalSection
	GlobalSection(ProjectConfigurationPlatforms) = postSolution
		{A0218FD0-100F-4059-80F8-25BB3408BECE}.Debug|Any CPU.ActiveCfg = Debug|Any CPU
		{A0218FD0-100F-4059-80F8-25BB3408BECE}.Debug|Any CPU.Build.0 = Debug|Any CPU
		{A0218FD0-100F-4059-80F8-25BB3408BECE}.Release|Any CPU.ActiveCfg = Release|Any CPU
		{A0218FD0-100F-4059-80F8-25BB3408BECE}.Release|Any CPU.Build.0 = Release|Any CPU
	EndGlobalSection
	GlobalSection(SolutionProperties) = preSolution
		HideSolutionNode = FALSE
	EndGlobalSection
	GlobalSection(ExtensibilityGlobals) = postSolution
		SolutionGuid = {86DDDB71-323D-47F3-B9A3-042ABFF686A5}
	EndGlobalSection
EndGlobal
